github.com/SameerJadav/envparse v0.2.0 h1:2qgtdopNsA5iq9wB7oPEFJPWwrarrTmgwAWgw8BvJ50=
github.com/SameerJadav/envparse v0.2.0/go.mod h1:gTaqzFU/gbU/aIL4vhXs2FZtmzTcprJHfqhoijkC6lg=
github.com/SameerJadav/envparse v1.0.0 h1:BV1nzPdLh9Oe4duUauDszeNnwCtUTHYf0TJur4URrSM=
github.com/SameerJadav/envparse v1.0.0/go.mod h1:gTaqzFU/gbU/aIL4vhXs2FZtmzTcprJHfqhoijkC6lg=
